# This file is autogenerated, do not edit; changes may be undone by the next 'dep ensure'.


[[projects]]
  digest = "1:477f6df8a1915abb180d730179a4a45212328effdf98cc6ca5b0e5741db00125"
  name = "github.com/btcsuite/btcd"
  packages = ["btcec"]
  pruneopts = "UT"
  revision = "2e60448ffcc6bf78332d1fe590260095f554dd78"

[[projects]]
  branch = "master"
  digest = "1:6d891a7eab2c0cb3d466ad175c9fab506c625af2e14b5719d46fba8b2526b05c"
  name = "github.com/ebfe/scard"
  packages = ["."]
  pruneopts = "UT"
  revision = "c3d1b1916a9547038c82830d7e99fa36b85a2682"

[[projects]]
  digest = "1:b4f51e6d41be95f248303770c5a1f0abc8b09d0256140c23d06c889e794aa782"
  name = "github.com/ethereum/go-ethereum"
  packages = [
    "common",
    "common/hexutil",
    "common/math",
    "crypto",
    "crypto/secp256k1",
    "log",
    "rlp",
  ]
  pruneopts = "UT"
  revision = "c942700427557e3ff6de3aaf6b916e2f056c1ec2"
  version = "v1.8.23"

[[projects]]
  digest = "1:33542eaf895b5489ccfb059502a721f0e8875379da8b3ff60fdd9212d503705c"
  name = "github.com/go-stack/stack"
  packages = ["."]
  pruneopts = "UT"
  revision = "54be5f394ed2c3e19dac9134a40a95ba5a017f7b"
  version = "v1.5.4"

[[projects]]
  branch = "develop"
  digest = "1:0ecee6b41c7f26d8325c48a5266ed2f24f766b5aab4cb2675d51b99018ab25f4"
  name = "github.com/status-im/keycard-go"
  packages = [
    ".",
    "apdu",
    "crypto",
    "derivationpath",
    "globalplatform",
    "globalplatform/crypto",
    "hexutils",
    "identifiers",
    "types",
  ]
  pruneopts = "UT"
  revision = "bae6af1f296c90b95c55d296fa1db426cd7c5def"

[[projects]]
  branch = "master"
  digest = "1:e833f9bb7afcb60921e7fa14814566fc60659ce6fbc9b6bca897075b833dd503"
  name = "golang.org/x/crypto"
  packages = [
    "pbkdf2",
    "sha3",
  ]
  pruneopts = "UT"
  revision = "a1f597ede03a7bef967a422b5b3a5bd08805a01e"

[[projects]]
  branch = "master"
  digest = "1:d3229d0c4f5a29399fe3d39cd64de216af15f8bce9a00932c0a7a5ddaa6418f7"
  name = "golang.org/x/sys"
  packages = [
    "cpu",
    "unix",
  ]
  pruneopts = "UT"
  revision = "6c81ef8f67ca3f42fc9cd71dfbd5f35b0c4b5771"

[[projects]]
  digest = "1:8029e9743749d4be5bc9f7d42ea1659471767860f0cdc34d37c3111bd308a295"
  name = "golang.org/x/text"
  packages = [
    "internal/gen",
    "internal/triegen",
    "internal/ucd",
    "transform",
    "unicode/cldr",
    "unicode/norm",
  ]
  pruneopts = "UT"
  revision = "f21a4dfb5e38f5895301dc265a8def02365cc3d0"
  version = "v0.3.0"

[solve-meta]
  analyzer-name = "dep"
  analyzer-version = 1
  input-imports = [
    "github.com/ebfe/scard",
    "github.com/ethereum/go-ethereum/log",
    "github.com/status-im/keycard-go",
    "github.com/status-im/keycard-go/apdu",
    "github.com/status-im/keycard-go/globalplatform",
    "github.com/status-im/keycard-go/hexutils",
    "github.com/status-im/keycard-go/identifiers",
    "github.com/status-im/keycard-go/types",
  ]
  solver-name = "gps-cdcl"
  solver-version = 1
